
Microsoft Visual Studio Solution File, Format Version 12.00
# Visual Studio Version 17
VisualStudioVersion = 17.0.31903.59
MinimumVisualStudioVersion = 10.0.40219.1
Project("{FAE04EC0-301F-11D3-BF4B-00C04F79EFBC}") = "ReactCore", "ReactCore\ReactCore.csproj", "{79A741C7-99E7-4225-9D2B-8D7A550DA498}"
EndProject
Global
	GlobalSection(SolutionConfigurationPlatforms) = preSolution
		Debug|Any CPU = Debug|Any CPU
		Release|Any CPU = Release|Any CPU
	EndGlobalSection
	GlobalSection(SolutionProperties) = preSolution
		HideSolutionNode = FALSE
	EndGlobalSection
	GlobalSection(ProjectConfigurationPlatforms) = postSolution
		{79A741C7-99E7-4225-9D2B-8D7A550DA498}.Debug|Any CPU.ActiveCfg = Debug|Any CPU
		{79A741C7-99E7-4225-9D2B-8D7A550DA498}.Debug|Any CPU.Build.0 = Debug|Any CPU
		{79A741C7-99E7-4225-9D2B-8D7A550DA498}.Release|Any CPU.ActiveCfg = Release|Any CPU
		{79A741C7-99E7-4225-9D2B-8D7A550DA498}.Release|Any CPU.Build.0 = Release|Any CPU
	EndGlobalSection
EndGlobal
